
Microsoft Visual Studio Solution File, Format Version 12.00
# Visual Studio 15
Project("{FAE04EC0-301F-11D3-BF4B-00C04F79EFBC}") = "Mirror", "Mirror.csproj", "{310A76F1-3FD3-21DA-B255-E6EFBD0F5D79}"
EndProject
Project("{FAE04EC0-301F-11D3-BF4B-00C04F79EFBC}") = "SimpleWebTransport", "SimpleWebTransport.csproj", "{38C95CCE-0D9B-AD14-21D1-5F6B405F496F}"
EndProject
Project("{FAE04EC0-301F-11D3-BF4B-00C04F79EFBC}") = "Mirror.Examples", "Mirror.Examples.csproj", "{245D422F-D9D9-460C-5049-8A1DCCCFBFBF}"
EndProject
Project("{FAE04EC0-301F-11D3-BF4B-00C04F79EFBC}") = "Mirror.Components", "Mirror.Components.csproj", "{DDB5CB26-AFAC-4385-640C-DC8078269D0D}"
EndProject
Project("{FAE04EC0-301F-11D3-BF4B-00C04F79EFBC}") = "kcp2k", "kcp2k.csproj", "{A2EE471E-7986-4936-4473-8B517F4C4BA9}"
EndProject
Project("{FAE04EC0-301F-11D3-BF4B-00C04F79EFBC}") = "Telepathy", "Telepathy.csproj", "{82103DFB-5997-D6AC-C322-9940A5096A42}"
EndProject
Project("{FAE04EC0-301F-11D3-BF4B-00C04F79EFBC}") = "Assembly-CSharp", "Assembly-CSharp.csproj", "{1432F108-883E-1058-C7E2-6A0223766522}"
EndProject
Project("{FAE04EC0-301F-11D3-BF4B-00C04F79EFBC}") = "Mirror.Authenticators", "Mirror.Authenticators.csproj", "{D2C959D9-812C-BD2B-17FF-AFFEBFE29148}"
EndProject
Project("{FAE04EC0-301F-11D3-BF4B-00C04F79EFBC}") = "where-allocations", "where-allocations.csproj", "{ACE28596-9762-C694-8316-350F881F566C}"
EndProject
Project("{FAE04EC0-301F-11D3-BF4B-00C04F79EFBC}") = "Unity.Mirror.CodeGen", "Unity.Mirror.CodeGen.csproj", "{8B329D9D-3A36-C5CC-7ECE-52AFFAA988B2}"
EndProject
Project("{FAE04EC0-301F-11D3-BF4B-00C04F79EFBC}") = "Mirror.Editor", "Mirror.Editor.csproj", "{63F3D4EF-3E55-355B-3577-EDCF0B9AF7DF}"
EndProject
Project("{FAE04EC0-301F-11D3-BF4B-00C04F79EFBC}") = "Mirror.CompilerSymbols", "Mirror.CompilerSymbols.csproj", "{52844FA8-6D21-3B4E-1B8D-777BF7768B19}"
EndProject
Global
	GlobalSection(SolutionConfigurationPlatforms) = preSolution
		Debug|Any CPU = Debug|Any CPU
		Release|Any CPU = Release|Any CPU
	EndGlobalSection
	GlobalSection(ProjectConfigurationPlatforms) = postSolution
		{310A76F1-3FD3-21DA-B255-E6EFBD0F5D79}.Debug|Any CPU.ActiveCfg = Debug|Any CPU
		{310A76F1-3FD3-21DA-B255-E6EFBD0F5D79}.Debug|Any CPU.Build.0 = Debug|Any CPU
		{310A76F1-3FD3-21DA-B255-E6EFBD0F5D79}.Release|Any CPU.ActiveCfg = Release|Any CPU
		{310A76F1-3FD3-21DA-B255-E6EFBD0F5D79}.Release|Any CPU.Build.0 = Release|Any CPU
		{38C95CCE-0D9B-AD14-21D1-5F6B405F496F}.Debug|Any CPU.ActiveCfg = Debug|Any CPU
		{38C95CCE-0D9B-AD14-21D1-5F6B405F496F}.Debug|Any CPU.Build.0 = Debug|Any CPU
		{38C95CCE-0D9B-AD14-21D1-5F6B405F496F}.Release|Any CPU.ActiveCfg = Release|Any CPU
		{38C95CCE-0D9B-AD14-21D1-5F6B405F496F}.Release|Any CPU.Build.0 = Release|Any CPU
		{245D422F-D9D9-460C-5049-8A1DCCCFBFBF}.Debug|Any CPU.ActiveCfg = Debug|Any CPU
		{245D422F-D9D9-460C-5049-8A1DCCCFBFBF}.Debug|Any CPU.Build.0 = Debug|Any CPU
		{245D422F-D9D9-460C-5049-8A1DCCCFBFBF}.Release|Any CPU.ActiveCfg = Release|Any CPU
		{245D422F-D9D9-460C-5049-8A1DCCCFBFBF}.Release|Any CPU.Build.0 = Release|Any CPU
		{DDB5CB26-AFAC-4385-640C-DC8078269D0D}.Debug|Any CPU.ActiveCfg = Debug|Any CPU
		{DDB5CB26-AFAC-4385-640C-DC8078269D0D}.Debug|Any CPU.Build.0 = Debug|Any CPU
		{DDB5CB26-AFAC-4385-640C-DC8078269D0D}.Release|Any CPU.ActiveCfg = Release|Any CPU
		{DDB5CB26-AFAC-4385-640C-DC8078269D0D}.Release|Any CPU.Build.0 = Release|Any CPU
		{A2EE471E-7986-4936-4473-8B517F4C4BA9}.Debug|Any CPU.ActiveCfg = Debug|Any CPU
		{A2EE471E-7986-4936-4473-8B517F4C4BA9}.Debug|Any CPU.Build.0 = Debug|Any CPU
		{A2EE471E-7986-4936-4473-8B517F4C4BA9}.Release|Any CPU.ActiveCfg = Release|Any CPU
		{A2EE471E-7986-4936-4473-8B517F4C4BA9}.Release|Any CPU.Build.0 = Release|Any CPU
		{82103DFB-5997-D6AC-C322-9940A5096A42}.Debug|Any CPU.ActiveCfg = Debug|Any CPU
		{82103DFB-5997-D6AC-C322-9940A5096A42}.Debug|Any CPU.Build.0 = Debug|Any CPU
		{82103DFB-5997-D6AC-C322-9940A5096A42}.Release|Any CPU.ActiveCfg = Release|Any CPU
		{82103DFB-5997-D6AC-C322-9940A5096A42}.Release|Any CPU.Build.0 = Release|Any CPU
		{1432F108-883E-1058-C7E2-6A0223766522}.Debug|Any CPU.ActiveCfg = Debug|Any CPU
		{1432F108-883E-1058-C7E2-6A0223766522}.Debug|Any CPU.Build.0 = Debug|Any CPU
		{1432F108-883E-1058-C7E2-6A0223766522}.Release|Any CPU.ActiveCfg = Release|Any CPU
		{1432F108-883E-1058-C7E2-6A0223766522}.Release|Any CPU.Build.0 = Release|Any CPU
		{D2C959D9-812C-BD2B-17FF-AFFEBFE29148}.Debug|Any CPU.ActiveCfg = Debug|Any CPU
		{D2C959D9-812C-BD2B-17FF-AFFEBFE29148}.Debug|Any CPU.Build.0 = Debug|Any CPU
		{D2C959D9-812C-BD2B-17FF-AFFEBFE29148}.Release|Any CPU.ActiveCfg = Release|Any CPU
		{D2C959D9-812C-BD2B-17FF-AFFEBFE29148}.Release|Any CPU.Build.0 = Release|Any CPU
		{ACE28596-9762-C694-8316-350F881F566C}.Debug|Any CPU.ActiveCfg = Debug|Any CPU
		{ACE28596-9762-C694-8316-350F881F566C}.Debug|Any CPU.Build.0 = Debug|Any CPU
		{ACE28596-9762-C694-8316-350F881F566C}.Release|Any CPU.ActiveCfg = Release|Any CPU
		{ACE28596-9762-C694-8316-350F881F566C}.Release|Any CPU.Build.0 = Release|Any CPU
		{8B329D9D-3A36-C5CC-7ECE-52AFFAA988B2}.Debug|Any CPU.ActiveCfg = Debug|Any CPU
		{8B329D9D-3A36-C5CC-7ECE-52AFFAA988B2}.Debug|Any CPU.Build.0 = Debug|Any CPU
		{8B329D9D-3A36-C5CC-7ECE-52AFFAA988B2}.Release|Any CPU.ActiveCfg = Release|Any CPU
		{8B329D9D-3A36-C5CC-7ECE-52AFFAA988B2}.Release|Any CPU.Build.0 = Release|Any CPU
		{63F3D4EF-3E55-355B-3577-EDCF0B9AF7DF}.Debug|Any CPU.ActiveCfg = Debug|Any CPU
		{63F3D4EF-3E55-355B-3577-EDCF0B9AF7DF}.Debug|Any CPU.Build.0 = Debug|Any CPU
		{63F3D4EF-3E55-355B-3577-EDCF0B9AF7DF}.Release|Any CPU.ActiveCfg = Release|Any CPU
		{63F3D4EF-3E55-355B-3577-EDCF0B9AF7DF}.Release|Any CPU.Build.0 = Release|Any CPU
		{52844FA8-6D21-3B4E-1B8D-777BF7768B19}.Debug|Any CPU.ActiveCfg = Debug|Any CPU
		{52844FA8-6D21-3B4E-1B8D-777BF7768B19}.Debug|Any CPU.Build.0 = Debug|Any CPU
		{52844FA8-6D21-3B4E-1B8D-777BF7768B19}.Release|Any CPU.ActiveCfg = Release|Any CPU
		{52844FA8-6D21-3B4E-1B8D-777BF7768B19}.Release|Any CPU.Build.0 = Release|Any CPU
	EndGlobalSection
	GlobalSection(SolutionProperties) = preSolution
		HideSolutionNode = FALSE
	EndGlobalSection
EndGlobal
